
Microsoft Visual Studio Solution File, Format Version 12.00
# Visual Studio 15
VisualStudioVersion = 15.0.28010.2036
MinimumVisualStudioVersion = 10.0.40219.1
Project("{9A19103F-16F7-4668-BE54-9A1E7A4F7556}") = "OrderedList", "OrderedList\OrderedList.csproj", "{CF4509CE-7D68-4CC1-BE1D-1360698DEEE3}"
EndProject
Project("{9A19103F-16F7-4668-BE54-9A1E7A4F7556}") = "Tests", "Tests\Tests.csproj", "{9F43B58B-869F-4BAB-97E3-3A82DF7ADCCD}"
EndProject
Global
	GlobalSection(SolutionConfigurationPlatforms) = preSolution
		Debug|Any CPU = Debug|Any CPU
		Release|Any CPU = Release|Any CPU
	EndGlobalSection
	GlobalSection(ProjectConfigurationPlatforms) = postSolution
		{CF4509CE-7D68-4CC1-BE1D-1360698DEEE3}.Debug|Any CPU.ActiveCfg = Debug|Any CPU
		{CF4509CE-7D68-4CC1-BE1D-1360698DEEE3}.Debug|Any CPU.Build.0 = Debug|Any CPU
		{CF4509CE-7D68-4CC1-BE1D-1360698DEEE3}.Release|Any CPU.ActiveCfg = Release|Any CPU
		{CF4509CE-7D68-4CC1-BE1D-1360698DEEE3}.Release|Any CPU.Build.0 = Release|Any CPU
		{9F43B58B-869F-4BAB-97E3-3A82DF7ADCCD}.Debug|Any CPU.ActiveCfg = Debug|Any CPU
		{9F43B58B-869F-4BAB-97E3-3A82DF7ADCCD}.Debug|Any CPU.Build.0 = Debug|Any CPU
		{9F43B58B-869F-4BAB-97E3-3A82DF7ADCCD}.Release|Any CPU.ActiveCfg = Release|Any CPU
		{9F43B58B-869F-4BAB-97E3-3A82DF7ADCCD}.Release|Any CPU.Build.0 = Release|Any CPU
	EndGlobalSection
	GlobalSection(SolutionProperties) = preSolution
		HideSolutionNode = FALSE
	EndGlobalSection
	GlobalSection(ExtensibilityGlobals) = postSolution
		SolutionGuid = {EAFFD0E0-19E0-43E8-A5A4-F0D828E28AEF}
	EndGlobalSection
EndGlobal
