
Microsoft Visual Studio Solution File, Format Version 12.00
# Visual Studio 15
VisualStudioVersion = 15.0.28010.2036
MinimumVisualStudioVersion = 10.0.40219.1
Project("{FAE04EC0-301F-11D3-BF4B-00C04F79EFBC}") = "OrderedList", "OrderedList\OrderedList.csproj", "{CF4509CE-7D68-4CC1-BE1D-1360698DEEE3}"
EndProject
Project("{FAE04EC0-301F-11D3-BF4B-00C04F79EFBC}") = "Tests", "..\Tests\Tests.csproj", "{079D90CF-3408-419D-BE4F-D783F98D7F61}"
EndProject
Global
	GlobalSection(SolutionConfigurationPlatforms) = preSolution
		Debug|Any CPU = Debug|Any CPU
		Release|Any CPU = Release|Any CPU
	EndGlobalSection
	GlobalSection(ProjectConfigurationPlatforms) = postSolution
		{CF4509CE-7D68-4CC1-BE1D-1360698DEEE3}.Debug|Any CPU.ActiveCfg = Debug|Any CPU
		{CF4509CE-7D68-4CC1-BE1D-1360698DEEE3}.Debug|Any CPU.Build.0 = Debug|Any CPU
		{CF4509CE-7D68-4CC1-BE1D-1360698DEEE3}.Release|Any CPU.ActiveCfg = Release|Any CPU
		{CF4509CE-7D68-4CC1-BE1D-1360698DEEE3}.Release|Any CPU.Build.0 = Release|Any CPU
		{079D90CF-3408-419D-BE4F-D783F98D7F61}.Debug|Any CPU.ActiveCfg = Debug|Any CPU
		{079D90CF-3408-419D-BE4F-D783F98D7F61}.Debug|Any CPU.Build.0 = Debug|Any CPU
		{079D90CF-3408-419D-BE4F-D783F98D7F61}.Release|Any CPU.ActiveCfg = Release|Any CPU
		{079D90CF-3408-419D-BE4F-D783F98D7F61}.Release|Any CPU.Build.0 = Release|Any CPU
	EndGlobalSection
	GlobalSection(SolutionProperties) = preSolution
		HideSolutionNode = FALSE
	EndGlobalSection
	GlobalSection(ExtensibilityGlobals) = postSolution
		SolutionGuid = {EAFFD0E0-19E0-43E8-A5A4-F0D828E28AEF}
	EndGlobalSection
EndGlobal
